<Solution>
  <Folder Name="/XTerm.NET/">
    <Project Path="../../XTerm.NET/src/XTerm.NET/XTerm.NET.csproj" />
    <Project Path="../../XTerm.NET/src/XTerm.NET.Tests/XTerm.NET.Tests.csproj" />
  </Folder>
  <Project Path="Demo.Desktop/Demo.Desktop.csproj" />
  <Project Path="Demo/Demo.csproj" />
  <Project Path="Example/Example.csproj" />
  <Project Path="Iciclecreek.Avalonia.TerminalWindow/Iciclecreek.Avalonia.Terminal.csproj" />
  <Project Path="Iciclecreek.Avalonia.Terminal.Tests/Iciclecreek.Avalonia.Terminal.Tests.csproj" />
</Solution>
